
Microsoft Visual Studio Solution File, Format Version 12.00
# Visual Studio Version 16
VisualStudioVersion = 16.0.29123.89
MinimumVisualStudioVersion = 15.0.26124.0
Project("{2150E333-8FDC-42A3-9474-1A3956D46DE8}") = "02", "02", "{BB571CA4-AD66-46E4-99BA-2FABC47C0659}"
EndProject
Project("{9A19103F-16F7-4668-BE54-9A1E7A4F7556}") = "Chap02", "02\Chap02\Chap02.csproj", "{3C31B108-DE9E-4B26-BD3D-A6CA23C03480}"
EndProject
Project("{2150E333-8FDC-42A3-9474-1A3956D46DE8}") = "03", "03", "{E3D53F36-F965-4051-8949-5DB912BE94B4}"
EndProject
Project("{FAE04EC0-301F-11D3-BF4B-00C04F79EFBC}") = "Chap03", "03\Chap03\Chap03.csproj", "{8202BFA6-3D4F-423A-9973-9AF55B416415}"
EndProject
Project("{2150E333-8FDC-42A3-9474-1A3956D46DE8}") = "04", "04", "{687BE817-E772-478C-8ED0-22F685BD00DB}"
EndProject
Project("{2150E333-8FDC-42A3-9474-1A3956D46DE8}") = "05", "05", "{3BCE5929-FAB8-4A8D-B2C1-8595B102D81E}"
EndProject
Project("{FAE04EC0-301F-11D3-BF4B-00C04F79EFBC}") = "Chap04", "04\Chap04\Chap04.csproj", "{E3A3B528-6AC8-4A9D-962C-C0595C63EE47}"
EndProject
Project("{FAE04EC0-301F-11D3-BF4B-00C04F79EFBC}") = "Chap05", "05\Chap05\Chap05.csproj", "{7914EB28-7041-4558-AFA5-4543BF0BB15C}"
EndProject
Global
	GlobalSection(SolutionConfigurationPlatforms) = preSolution
		Debug|Any CPU = Debug|Any CPU
		Debug|x64 = Debug|x64
		Debug|x86 = Debug|x86
		Release|Any CPU = Release|Any CPU
		Release|x64 = Release|x64
		Release|x86 = Release|x86
	EndGlobalSection
	GlobalSection(ProjectConfigurationPlatforms) = postSolution
		{3C31B108-DE9E-4B26-BD3D-A6CA23C03480}.Debug|Any CPU.ActiveCfg = Debug|Any CPU
		{3C31B108-DE9E-4B26-BD3D-A6CA23C03480}.Debug|Any CPU.Build.0 = Debug|Any CPU
		{3C31B108-DE9E-4B26-BD3D-A6CA23C03480}.Debug|x64.ActiveCfg = Debug|Any CPU
		{3C31B108-DE9E-4B26-BD3D-A6CA23C03480}.Debug|x64.Build.0 = Debug|Any CPU
		{3C31B108-DE9E-4B26-BD3D-A6CA23C03480}.Debug|x86.ActiveCfg = Debug|Any CPU
		{3C31B108-DE9E-4B26-BD3D-A6CA23C03480}.Debug|x86.Build.0 = Debug|Any CPU
		{3C31B108-DE9E-4B26-BD3D-A6CA23C03480}.Release|Any CPU.ActiveCfg = Release|Any CPU
		{3C31B108-DE9E-4B26-BD3D-A6CA23C03480}.Release|Any CPU.Build.0 = Release|Any CPU
		{3C31B108-DE9E-4B26-BD3D-A6CA23C03480}.Release|x64.ActiveCfg = Release|Any CPU
		{3C31B108-DE9E-4B26-BD3D-A6CA23C03480}.Release|x64.Build.0 = Release|Any CPU
		{3C31B108-DE9E-4B26-BD3D-A6CA23C03480}.Release|x86.ActiveCfg = Release|Any CPU
		{3C31B108-DE9E-4B26-BD3D-A6CA23C03480}.Release|x86.Build.0 = Release|Any CPU
		{8202BFA6-3D4F-423A-9973-9AF55B416415}.Debug|Any CPU.ActiveCfg = Debug|Any CPU
		{8202BFA6-3D4F-423A-9973-9AF55B416415}.Debug|Any CPU.Build.0 = Debug|Any CPU
		{8202BFA6-3D4F-423A-9973-9AF55B416415}.Debug|x64.ActiveCfg = Debug|Any CPU
		{8202BFA6-3D4F-423A-9973-9AF55B416415}.Debug|x64.Build.0 = Debug|Any CPU
		{8202BFA6-3D4F-423A-9973-9AF55B416415}.Debug|x86.ActiveCfg = Debug|Any CPU
		{8202BFA6-3D4F-423A-9973-9AF55B416415}.Debug|x86.Build.0 = Debug|Any CPU
		{8202BFA6-3D4F-423A-9973-9AF55B416415}.Release|Any CPU.ActiveCfg = Release|Any CPU
		{8202BFA6-3D4F-423A-9973-9AF55B416415}.Release|Any CPU.Build.0 = Release|Any CPU
		{8202BFA6-3D4F-423A-9973-9AF55B416415}.Release|x64.ActiveCfg = Release|Any CPU
		{8202BFA6-3D4F-423A-9973-9AF55B416415}.Release|x64.Build.0 = Release|Any CPU
		{8202BFA6-3D4F-423A-9973-9AF55B416415}.Release|x86.ActiveCfg = Release|Any CPU
		{8202BFA6-3D4F-423A-9973-9AF55B416415}.Release|x86.Build.0 = Release|Any CPU
		{E3A3B528-6AC8-4A9D-962C-C0595C63EE47}.Debug|Any CPU.ActiveCfg = Debug|Any CPU
		{E3A3B528-6AC8-4A9D-962C-C0595C63EE47}.Debug|Any CPU.Build.0 = Debug|Any CPU
		{E3A3B528-6AC8-4A9D-962C-C0595C63EE47}.Debug|x64.ActiveCfg = Debug|Any CPU
		{E3A3B528-6AC8-4A9D-962C-C0595C63EE47}.Debug|x64.Build.0 = Debug|Any CPU
		{E3A3B528-6AC8-4A9D-962C-C0595C63EE47}.Debug|x86.ActiveCfg = Debug|Any CPU
		{E3A3B528-6AC8-4A9D-962C-C0595C63EE47}.Debug|x86.Build.0 = Debug|Any CPU
		{E3A3B528-6AC8-4A9D-962C-C0595C63EE47}.Release|Any CPU.ActiveCfg = Release|Any CPU
		{E3A3B528-6AC8-4A9D-962C-C0595C63EE47}.Release|Any CPU.Build.0 = Release|Any CPU
		{E3A3B528-6AC8-4A9D-962C-C0595C63EE47}.Release|x64.ActiveCfg = Release|Any CPU
		{E3A3B528-6AC8-4A9D-962C-C0595C63EE47}.Release|x64.Build.0 = Release|Any CPU
		{E3A3B528-6AC8-4A9D-962C-C0595C63EE47}.Release|x86.ActiveCfg = Release|Any CPU
		{E3A3B528-6AC8-4A9D-962C-C0595C63EE47}.Release|x86.Build.0 = Release|Any CPU
		{7914EB28-7041-4558-AFA5-4543BF0BB15C}.Debug|Any CPU.ActiveCfg = Debug|Any CPU
		{7914EB28-7041-4558-AFA5-4543BF0BB15C}.Debug|Any CPU.Build.0 = Debug|Any CPU
		{7914EB28-7041-4558-AFA5-4543BF0BB15C}.Debug|x64.ActiveCfg = Debug|Any CPU
		{7914EB28-7041-4558-AFA5-4543BF0BB15C}.Debug|x64.Build.0 = Debug|Any CPU
		{7914EB28-7041-4558-AFA5-4543BF0BB15C}.Debug|x86.ActiveCfg = Debug|Any CPU
		{7914EB28-7041-4558-AFA5-4543BF0BB15C}.Debug|x86.Build.0 = Debug|Any CPU
		{7914EB28-7041-4558-AFA5-4543BF0BB15C}.Release|Any CPU.ActiveCfg = Release|Any CPU
		{7914EB28-7041-4558-AFA5-4543BF0BB15C}.Release|Any CPU.Build.0 = Release|Any CPU
		{7914EB28-7041-4558-AFA5-4543BF0BB15C}.Release|x64.ActiveCfg = Release|Any CPU
		{7914EB28-7041-4558-AFA5-4543BF0BB15C}.Release|x64.Build.0 = Release|Any CPU
		{7914EB28-7041-4558-AFA5-4543BF0BB15C}.Release|x86.ActiveCfg = Release|Any CPU
		{7914EB28-7041-4558-AFA5-4543BF0BB15C}.Release|x86.Build.0 = Release|Any CPU
	EndGlobalSection
	GlobalSection(SolutionProperties) = preSolution
		HideSolutionNode = FALSE
	EndGlobalSection
	GlobalSection(NestedProjects) = preSolution
		{3C31B108-DE9E-4B26-BD3D-A6CA23C03480} = {BB571CA4-AD66-46E4-99BA-2FABC47C0659}
		{8202BFA6-3D4F-423A-9973-9AF55B416415} = {E3D53F36-F965-4051-8949-5DB912BE94B4}
		{E3A3B528-6AC8-4A9D-962C-C0595C63EE47} = {687BE817-E772-478C-8ED0-22F685BD00DB}
		{7914EB28-7041-4558-AFA5-4543BF0BB15C} = {3BCE5929-FAB8-4A8D-B2C1-8595B102D81E}
	EndGlobalSection
	GlobalSection(ExtensibilityGlobals) = postSolution
		SolutionGuid = {D40B41A0-CDBF-4CB6-A503-0A8F0F2FFA74}
	EndGlobalSection
EndGlobal
